<?xml version="1.0" encoding="utf-8"?>
<Project ToolsVersion="4.0" xmlns="http://schemas.microsoft.com/developer/msbuild/2003">
  <ItemGroup>
    <ClCompile Include="src\main\Main.cpp" />
    <ClCompile Include="src\core\Poly.cpp" />
    <ClCompile Include="src\render\ShaderGen.cpp" />
    <ClCompile Include="src\render\RenderMain.cpp" />
    <ClCompile Include="src\core\GameMain.cpp" />
    <ClCompile Include="src\core\FrameCounter.cpp" />
    <ClCompile Include="src\game\MazeGame.cpp" />
  </ItemGroup>
  <ItemGroup>
    <ClInclude Include="src\global\Shorts.h" />
    <ClInclude Include="src\core\Poly.h" />
    <ClInclude Include="src\render\ShaderGen.h" />
    <ClInclude Include="src\render\RenderMain.h" />
    <ClInclude Include="src\core\GameMain.h" />
    <ClInclude Include="src\global\Shapes.h" />
    <ClInclude Include="src\core\System.h" />
    <ClInclude Include="src\core\FrameCounter.h" />
    <ClInclude Include="src\game\MazeGame.h" />
  </ItemGroup>
</Project>